<?xml version="1.0" encoding="utf-8"?>
<Project ToolsVersion="4.0" xmlns="http://schemas.microsoft.com/developer/msbuild/2003">
  <ItemGroup>
    <Filter Include="源文件">
      <UniqueIdentifier>{4FC737F1-C7A5-4376-A066-2A32D752A2FF}</UniqueIdentifier>
      <Extensions>cpp;c;cc;cxx;c++;cppm;ixx;def;odl;idl;hpj;bat;asm;asmx</Extensions>
    </Filter>
    <Filter Include="头文件">
      <UniqueIdentifier>{93995380-89BD-4b04-88EB-625FBE52EBFB}</UniqueIdentifier>
      <Extensions>h;hh;hpp;hxx;h++;hm;inl;inc;ipp;xsd</Extensions>
    </Filter>
    <Filter Include="资源文件">
      <UniqueIdentifier>{67DA6AB6-F800-4c08-8B7A-83BB121AAD01}</UniqueIdentifier>
      <Extensions>rc;ico;cur;bmp;dlg;rc2;rct;bin;rgs;gif;jpg;jpeg;jpe;resx;tiff;tif;png;wav;mfcribbon-ms</Extensions>
    </Filter>
  </ItemGroup>
  <ItemGroup>
    <ClCompile Include="source\CmHazel\Core\Application.cpp">
      <Filter>源文件</Filter>
    </ClCompile>
    <ClCompile Include="source\CmHazel\Core\Log.cpp">
      <Filter>源文件</Filter>
    </ClCompile>
    <ClCompile Include="source\cmzpch.cpp">
      <Filter>源文件</Filter>
    </ClCompile>
    <ClCompile Include="source\Platform\Windows\WindowsWindow.cpp">
      <Filter>源文件</Filter>
    </ClCompile>
    <ClCompile Include="source\CmHazel\Core\Layer.cpp">
      <Filter>源文件</Filter>
    </ClCompile>
    <ClCompile Include="source\CmHazel\Core\LayerStack.cpp">
      <Filter>源文件</Filter>
    </ClCompile>
    <ClCompile Include="source\CmHazel\ImGui\ImGuiLayer.cpp">
      <Filter>源文件</Filter>
    </ClCompile>
    <ClCompile Include="source\Platform\Windows\WindowsInput.cpp">
      <Filter>源文件</Filter>
    </ClCompile>
    <ClCompile Include="source\CmHazel\ImGui\ImGuiBuild.cpp">
      <Filter>源文件</Filter>
    </ClCompile>
    <ClCompile Include="source\Platform\OpenGL\OpenGLContext.cpp">
      <Filter>源文件</Filter>
    </ClCompile>
    <ClCompile Include="source\CmHazel\Renderer\Shader.cpp">
      <Filter>源文件</Filter>
    </ClCompile>
    <ClCompile Include="source\CmHazel\Renderer\Buffer.cpp">
      <Filter>源文件</Filter>
    </ClCompile>
    <ClCompile Include="source\CmHazel\Renderer\Renderer.cpp">
      <Filter>源文件</Filter>
    </ClCompile>
    <ClCompile Include="source\Platform\OpenGL\OpenGLBuffer.cpp">
      <Filter>源文件</Filter>
    </ClCompile>
    <ClCompile Include="source\CmHazel\Renderer\VertexArray.cpp">
      <Filter>源文件</Filter>
    </ClCompile>
    <ClCompile Include="source\Platform\OpenGL\OpenGLVertexArray.cpp">
      <Filter>源文件</Filter>
    </ClCompile>
    <ClCompile Include="source\CmHazel\Renderer\RendererAPI.cpp">
      <Filter>源文件</Filter>
    </ClCompile>
    <ClCompile Include="source\CmHazel\Renderer\RenderCommand.cpp">
      <Filter>源文件</Filter>
    </ClCompile>
    <ClCompile Include="source\Platform\OpenGL\OpenGLRendererAPI.cpp">
      <Filter>源文件</Filter>
    </ClCompile>
    <ClCompile Include="source\CmHazel\Renderer\OrthographicCamera.cpp">
      <Filter>源文件</Filter>
    </ClCompile>
    <ClCompile Include="source\Platform\OpenGL\OpenGLShader.cpp">
      <Filter>源文件</Filter>
    </ClCompile>
    <ClCompile Include="third_party\stb_image\stb_image.cpp">
      <Filter>源文件</Filter>
    </ClCompile>
    <ClCompile Include="source\CmHazel\Renderer\Texture.cpp">
      <Filter>源文件</Filter>
    </ClCompile>
    <ClCompile Include="source\Platform\OpenGL\OpenGLTexture.cpp">
      <Filter>源文件</Filter>
    </ClCompile>
    <ClCompile Include="source\CmHazel\Renderer\OrthographicCameraController.cpp">
      <Filter>源文件</Filter>
    </ClCompile>
    <ClCompile Include="source\CmHazel\Renderer\Renderer2D.cpp">
      <Filter>源文件</Filter>
    </ClCompile>
    <ClCompile Include="source\CmHazel\Renderer\GraphicsContext.cpp">
      <Filter>源文件</Filter>
    </ClCompile>
    <ClCompile Include="source\CmHazel\Core\Window.cpp">
      <Filter>源文件</Filter>
    </ClCompile>
    <ClCompile Include="source\CmHazel\Renderer\Framebuffer.cpp">
      <Filter>源文件</Filter>
    </ClCompile>
    <ClCompile Include="source\Platform\OpenGL\OpenGLFramebuffer.cpp">
      <Filter>源文件</Filter>
    </ClCompile>
    <ClCompile Include="source\CmHazel\Scene\Scene.cpp">
      <Filter>源文件</Filter>
    </ClCompile>
    <ClCompile Include="source\CmHazel\Scene\Entity.cpp">
      <Filter>源文件</Filter>
    </ClCompile>
    <ClCompile Include="source\CmHazel\Scene\SceneCamera.cpp">
      <Filter>源文件</Filter>
    </ClCompile>
    <ClCompile Include="source\CmHazel\Scene\SceneSerializer.cpp">
      <Filter>源文件</Filter>
    </ClCompile>
    <ClCompile Include="source\Platform\Windows\WindowsPlatformUtils.cpp">
      <Filter>源文件</Filter>
    </ClCompile>
    <ClCompile Include="third_party\ImGuizmo\ImGuizmo.cpp">
      <Filter>源文件</Filter>
    </ClCompile>
    <ClCompile Include="source\CmHazel\Math\Math.cpp">
      <Filter>源文件</Filter>
    </ClCompile>
    <ClCompile Include="source\CmHazel\Renderer\EditorCamera.cpp">
      <Filter>源文件</Filter>
    </ClCompile>
    <ClCompile Include="source\CmHazel\Renderer\UniformBuffer.cpp">
      <Filter>源文件</Filter>
    </ClCompile>
    <ClCompile Include="source\Platform\OpenGL\OpenGLUniformBuffer.cpp">
      <Filter>源文件</Filter>
    </ClCompile>
    <ClCompile Include="source\CmHazel\Core\UUID.cpp">
      <Filter>源文件</Filter>
    </ClCompile>
    <ClCompile Include="source\CmHazel\Scripting\ScriptEngine.cpp">
      <Filter>源文件</Filter>
    </ClCompile>
    <ClCompile Include="source\CmHazel\Scripting\ScriptGlue.cpp">
      <Filter>源文件</Filter>
    </ClCompile>
    <ClCompile Include="source\CmHazel\Core\FileSystem.cpp">
      <Filter>源文件</Filter>
    </ClCompile>
    <ClCompile Include="source\CmHazel\Project\Project.cpp">
      <Filter>源文件</Filter>
    </ClCompile>
    <ClCompile Include="source\CmHazel\Project\ProjectSerializer.cpp">
      <Filter>源文件</Filter>
    </ClCompile>
  </ItemGroup>
  <ItemGroup>
    <ClInclude Include="source\CmHazel\Core\Application.h">
      <Filter>头文件</Filter>
    </ClInclude>
    <ClInclude Include="source\CmHazel\Core\Base.h">
      <Filter>头文件</Filter>
    </ClInclude>
    <ClInclude Include="source\CmHazel\Core\EntryPoint.h">
      <Filter>头文件</Filter>
    </ClInclude>
    <ClInclude Include="source\CmHazel\Core\Log.h">
      <Filter>头文件</Filter>
    </ClInclude>
    <ClInclude Include="source\CMHAZEL.h">
      <Filter>头文件</Filter>
    </ClInclude>
    <ClInclude Include="source\CmHazel\Events\Event.h">
      <Filter>头文件</Filter>
    </ClInclude>
    <ClInclude Include="source\CmHazel\Events\MouseEvent.h">
      <Filter>头文件</Filter>
    </ClInclude>
    <ClInclude Include="source\CmHazel\Events\KeyEvent.h">
      <Filter>头文件</Filter>
    </ClInclude>
    <ClInclude Include="source\CmHazel\Events\ApplicationEvent.h">
      <Filter>头文件</Filter>
    </ClInclude>
    <ClInclude Include="source\cmzpch.h">
      <Filter>头文件</Filter>
    </ClInclude>
    <ClInclude Include="source\CmHazel\Core\Window.h">
      <Filter>头文件</Filter>
    </ClInclude>
    <ClInclude Include="source\Platform\Windows\WindowsWindow.h">
      <Filter>头文件</Filter>
    </ClInclude>
    <ClInclude Include="source\CmHazel\Core\Layer.h">
      <Filter>头文件</Filter>
    </ClInclude>
    <ClInclude Include="source\CmHazel\Core\LayerStack.h">
      <Filter>头文件</Filter>
    </ClInclude>
    <ClInclude Include="source\CmHazel\ImGui\ImGuiLayer.h">
      <Filter>头文件</Filter>
    </ClInclude>
    <ClInclude Include="source\CmHazel\Core\Input.h">
      <Filter>头文件</Filter>
    </ClInclude>
    <ClInclude Include="source\CmHazel\Core\KeyCodes.h">
      <Filter>头文件</Filter>
    </ClInclude>
    <ClInclude Include="source\CmHazel\Core\MouseButtonCodes.h">
      <Filter>头文件</Filter>
    </ClInclude>
    <ClInclude Include="source\CmHazel\Renderer\GraphicsContext.h">
      <Filter>头文件</Filter>
    </ClInclude>
    <ClInclude Include="source\Platform\OpenGL\OpenGLContext.h">
      <Filter>头文件</Filter>
    </ClInclude>
    <ClInclude Include="source\CmHazel\Renderer\Shader.h">
      <Filter>头文件</Filter>
    </ClInclude>
    <ClInclude Include="source\CmHazel\Renderer\Buffer.h">
      <Filter>头文件</Filter>
    </ClInclude>
    <ClInclude Include="source\CmHazel\Renderer\Renderer.h">
      <Filter>头文件</Filter>
    </ClInclude>
    <ClInclude Include="source\Platform\OpenGL\OpenGLBuffer.h">
      <Filter>头文件</Filter>
    </ClInclude>
    <ClInclude Include="source\CmHazel\Renderer\VertexArray.h">
      <Filter>头文件</Filter>
    </ClInclude>
    <ClInclude Include="source\Platform\OpenGL\OpenGLVertexArray.h">
      <Filter>头文件</Filter>
    </ClInclude>
    <ClInclude Include="source\CmHazel\Renderer\RendererAPI.h">
      <Filter>头文件</Filter>
    </ClInclude>
    <ClInclude Include="source\CmHazel\Renderer\RenderCommand.h">
      <Filter>头文件</Filter>
    </ClInclude>
    <ClInclude Include="source\Platform\OpenGL\OpenGLRendererAPI.h">
      <Filter>头文件</Filter>
    </ClInclude>
    <ClInclude Include="source\CmHazel\Renderer\OrthographicCamera.h">
      <Filter>头文件</Filter>
    </ClInclude>
    <ClInclude Include="source\CmHazel\Core\Timestep.h">
      <Filter>头文件</Filter>
    </ClInclude>
    <ClInclude Include="source\Platform\OpenGL\OpenGLShader.h">
      <Filter>头文件</Filter>
    </ClInclude>
    <ClInclude Include="third_party\stb_image\stb_image.h">
      <Filter>头文件</Filter>
    </ClInclude>
    <ClInclude Include="source\CmHazel\Renderer\Texture.h">
      <Filter>头文件</Filter>
    </ClInclude>
    <ClInclude Include="source\Platform\OpenGL\OpenGLTexture.h">
      <Filter>头文件</Filter>
    </ClInclude>
    <ClInclude Include="source\CmHazel\Renderer\OrthographicCameraController.h">
      <Filter>头文件</Filter>
    </ClInclude>
    <ClInclude Include="source\CmHazel\Renderer\Renderer2D.h">
      <Filter>头文件</Filter>
    </ClInclude>
    <ClInclude Include="source\CmHazel\Debug\Instrumentor.h">
      <Filter>头文件</Filter>
    </ClInclude>
    <ClInclude Include="source\CmHazel\Core\MouseCodes.h">
      <Filter>头文件</Filter>
    </ClInclude>
    <ClInclude Include="source\CmHazel\Renderer\Framebuffer.h">
      <Filter>头文件</Filter>
    </ClInclude>
    <ClInclude Include="source\Platform\OpenGL\OpenGLFramebuffer.h">
      <Filter>头文件</Filter>
    </ClInclude>
    <ClInclude Include="source\CmHazel\Scene\Scene.h">
      <Filter>头文件</Filter>
    </ClInclude>
    <ClInclude Include="source\CmHazel\Scene\Components.h">
      <Filter>头文件</Filter>
    </ClInclude>
    <ClInclude Include="source\CmHazel\Scene\Entity.h">
      <Filter>头文件</Filter>
    </ClInclude>
    <ClInclude Include="source\CmHazel\Renderer\Camera.h">
      <Filter>头文件</Filter>
    </ClInclude>
    <ClInclude Include="source\CmHazel\Scene\SceneCamera.h">
      <Filter>头文件</Filter>
    </ClInclude>
    <ClInclude Include="source\CmHazel\Scene\ScriptableEntity.h">
      <Filter>头文件</Filter>
    </ClInclude>
    <ClInclude Include="source\CmHazel\Core\PlatformDetection.h">
      <Filter>头文件</Filter>
    </ClInclude>
    <ClInclude Include="source\CmHazel\Core\Assert.h">
      <Filter>头文件</Filter>
    </ClInclude>
    <ClInclude Include="source\CmHazel\Scene\SceneSerializer.h">
      <Filter>头文件</Filter>
    </ClInclude>
    <ClInclude Include="source\CmHazel\Utils\PlatformUtils.h">
      <Filter>头文件</Filter>
    </ClInclude>
    <ClInclude Include="third_party\ImGuizmo\ImGuizmo.h">
      <Filter>头文件</Filter>
    </ClInclude>
    <ClInclude Include="source\CmHazel\Math\Math.h">
      <Filter>头文件</Filter>
    </ClInclude>
    <ClInclude Include="source\CmHazel\Renderer\EditorCamera.h">
      <Filter>头文件</Filter>
    </ClInclude>
    <ClInclude Include="source\CmHazel\Core\Timer.h">
      <Filter>头文件</Filter>
    </ClInclude>
    <ClInclude Include="source\CmHazel\Renderer\UniformBuffer.h">
      <Filter>头文件</Filter>
    </ClInclude>
    <ClInclude Include="source\Platform\OpenGL\OpenGLUniformBuffer.h">
      <Filter>头文件</Filter>
    </ClInclude>
    <ClInclude Include="source\CmHazel\Core\UUID.h">
      <Filter>头文件</Filter>
    </ClInclude>
    <ClInclude Include="source\CmHazel\Scripting\ScriptEngine.h">
      <Filter>头文件</Filter>
    </ClInclude>
    <ClInclude Include="source\CmHazel\Scripting\ScriptGlue.h">
      <Filter>头文件</Filter>
    </ClInclude>
    <ClInclude Include="source\CmHazel\Core\Buffer.h">
      <Filter>头文件</Filter>
    </ClInclude>
    <ClInclude Include="source\CmHazel\Core\FileSystem.h">
      <Filter>头文件</Filter>
    </ClInclude>
    <ClInclude Include="source\CmHazel\Project\Project.h">
      <Filter>头文件</Filter>
    </ClInclude>
    <ClInclude Include="source\CmHazel\Project\ProjectSerializer.h">
      <Filter>头文件</Filter>
    </ClInclude>
  </ItemGroup>
</Project>